
Microsoft Visual Studio Solution File, Format Version 12.00
# Visual Studio 15
VisualStudioVersion = 15.0.27004.2006
MinimumVisualStudioVersion = 10.0.40219.1
Project("{FAE04EC0-301F-11D3-BF4B-00C04F79EFBC}") = "MusicalDiceTests", "MusicalDiceTests\MusicalDiceTests.csproj", "{05F0F7A6-374E-40B3-9970-B6CB267FFD1F}"
EndProject
Project("{9A19103F-16F7-4668-BE54-9A1E7A4F7556}") = "MozartMusicalDice", "MozartMusicalDice\MozartMusicalDice.csproj", "{DE5B2447-9C42-4AC5-9B46-C00BD8655E18}"
EndProject
Project("{FAE04EC0-301F-11D3-BF4B-00C04F79EFBC}") = "MusicalDice", "MusicalDice\MusicalDice.csproj", "{B04C311D-52CD-4EB9-A2EA-06021C3B6F82}"
EndProject
Global
	GlobalSection(SolutionConfigurationPlatforms) = preSolution
		Debug|Any CPU = Debug|Any CPU
		Release|Any CPU = Release|Any CPU
	EndGlobalSection
	GlobalSection(ProjectConfigurationPlatforms) = postSolution
		{05F0F7A6-374E-40B3-9970-B6CB267FFD1F}.Debug|Any CPU.ActiveCfg = Debug|Any CPU
		{05F0F7A6-374E-40B3-9970-B6CB267FFD1F}.Debug|Any CPU.Build.0 = Debug|Any CPU
		{05F0F7A6-374E-40B3-9970-B6CB267FFD1F}.Release|Any CPU.ActiveCfg = Release|Any CPU
		{05F0F7A6-374E-40B3-9970-B6CB267FFD1F}.Release|Any CPU.Build.0 = Release|Any CPU
		{DE5B2447-9C42-4AC5-9B46-C00BD8655E18}.Debug|Any CPU.ActiveCfg = Debug|Any CPU
		{DE5B2447-9C42-4AC5-9B46-C00BD8655E18}.Debug|Any CPU.Build.0 = Debug|Any CPU
		{DE5B2447-9C42-4AC5-9B46-C00BD8655E18}.Release|Any CPU.ActiveCfg = Release|Any CPU
		{DE5B2447-9C42-4AC5-9B46-C00BD8655E18}.Release|Any CPU.Build.0 = Release|Any CPU
		{B04C311D-52CD-4EB9-A2EA-06021C3B6F82}.Debug|Any CPU.ActiveCfg = Debug|Any CPU
		{B04C311D-52CD-4EB9-A2EA-06021C3B6F82}.Debug|Any CPU.Build.0 = Debug|Any CPU
		{B04C311D-52CD-4EB9-A2EA-06021C3B6F82}.Release|Any CPU.ActiveCfg = Release|Any CPU
		{B04C311D-52CD-4EB9-A2EA-06021C3B6F82}.Release|Any CPU.Build.0 = Release|Any CPU
	EndGlobalSection
	GlobalSection(SolutionProperties) = preSolution
		HideSolutionNode = FALSE
	EndGlobalSection
	GlobalSection(ExtensibilityGlobals) = postSolution
		SolutionGuid = {39C39B66-D683-42E7-B140-C27A556BB656}
	EndGlobalSection
EndGlobal
